{
    "_meta": {
        "hash": {
            "sha256": "425cf23a589855e553318c1e7259beb54bdf7d4f4f6b58ee13af06caf9e6c795"
        },
        "pipfile-spec": 6,
        "requires": {
            "python_version": "3.8"
        },
        "sources": [
            {
                "name": "pypi",
                "url": "https://pypi.org/simple",
                "verify_ssl": true
            }
        ]
    },
    "default": {
        "click": {
            "hashes": [
                "sha256:d2b5255c7c6349bc1bd1e59e08cd12acbbd63ce649f2588755783aa94dfb6b1a",
                "sha256:dacca89f4bfadd5de3d7489b7c8a566eee0d3676333fbb50030263894c38c0dc"
            ],
            "markers": "python_version >= '2.7' and python_version not in '3.0, 3.1, 3.2, 3.3, 3.4'",
            "version": "==7.1.2"
        },
        "fastapi": {
            "hashes": [
                "sha256:61ed73b4304413a2ea618d1b95ea866ee386e0e62dd8659c4f5059286f4a39c2",
                "sha256:6cc31bb555dd8ca956d1d227477d661e4ac012337242a41d36214ffbda78bfe9"
            ],
            "index": "pypi",
            "version": "==0.61.1"
        },
        "h11": {
            "hashes": [
                "sha256:33d4bca7be0fa039f4e84d50ab00531047e53d6ee8ffbc83501ea602c169cae1",
                "sha256:4bc6d6a1238b7615b266ada57e0618568066f57dd6fa967d1290ec9309b2f2f1"
            ],
            "version": "==0.9.0"
        },
        "httptools": {
            "hashes": [
                "sha256:07659649fe6b3948b6490825f89abe5eb1cec79ebfaaa0b4bf30f3f33f3c2ba8",
                "sha256:08b79e09114e6ab5c3dbf560bba2cb2257ea38cdaeaf99b7cb80d8f92622fcd9",
                "sha256:1e35aa179b67086cc600a984924a88589b90793c9c1b260152ca4908786e09df",
                "sha256:31629e1f1b89959f8c0927bad12184dc07977dcf71e24f4772934aa490aa199b",
                "sha256:851026bd63ec0af7e7592890d97d15c92b62d9e17094353f19a52c8e2b33710a",
                "sha256:8fcca4b7efe353b13a24017211334c57d055a6e132c7adffed13a10d28efca57",
                "sha256:9abd788465aa46a0f288bd3a99e53edd184177d6379e2098fd6097bb359ad9d6",
                "sha256:aebdf0bd7bf7c90ae6b3be458692bf6e9e5b610b501f9f74c7979015a51db4c4",
                "sha256:bda99a5723e7eab355ce57435c70853fc137a65aebf2f1cd4d15d96e2956da7b",
                "sha256:c1c63d860749841024951b0a78e4dec6f543d23751ef061d6ab60064c7b8b524",
                "sha256:c4111a0a8a00eff1e495d43ea5230aaf64968a48ddba8ea2d5f982efae827404",
                "sha256:dce59ee45dd6ee6c434346a5ac527c44014326f560866b4b2f414a692ee1aca8",
                "sha256:f759717ca1b2ef498c67ba4169c2b33eecf943a89f5329abcff8b89d153eb500",
                "sha256:fb7199b8fb0c50a22e77260bb59017e0c075fa80cb03bb2c8692de76e7bb7fe7",
                "sha256:fbf7ecd31c39728f251b1c095fd27c84e4d21f60a1d079a0333472ff3ae59d34"
            ],
            "markers": "sys_platform != 'win32' and sys_platform != 'cygwin' and platform_python_implementation != 'PyPy'",
            "version": "==0.1.2"
        },
        "motor": {
            "hashes": [
                "sha256:659ad13c2e2dca19807fbb6d2bb62e4c60f99bb0d43110a6abb8fdd12b644a64"
            ],
            "markers": "python_full_version >= '3.5.2'",
            "version": "==2.2.0"
        },
        "odmantic": {
            "git": "ssh://git@github.com/art049/odmantic.git",
            "ref": "d5e1f4870be6442c5de099bbcf7c84c6cc53f5ef"
        },
        "pydantic": {
            "hashes": [
                "sha256:14e598055b65d2e6cedf10dc3de6ad1bb04ca3eec348e4af1cf5e5e496deab55",
                "sha256:1d42c7408cde8a224c2bb969bfb9dca21f3b1eec37a92044be8bcd7d35ea5826",
                "sha256:433dda6200104d7aa38c27a6ea52485e69931042556065402281cc73a57fd680",
                "sha256:51dec047b44f0de4dbfa301b73df605918088348b951b8b4616127249febfe30",
                "sha256:548c284237b0c61e0e785ad03167c75723f22000f82e8104d8981fdf50ce14e8",
                "sha256:60b8956b57045224294691b78a6a4be0f321271a9f1c2a7fef25248e4c4f20df",
                "sha256:6eea211e8b427841a16f43fa739ac06059db6af0d167476b928dbb237d870b77",
                "sha256:76b241172d6e22403e116e1d3b7305b6a9479323f8168f2fcb300ffe698443b9",
                "sha256:90310c1c5945b4fe2ff7bd69e306e54d192e55d22480657ddd6d2519cf2f12ba",
                "sha256:93f7f510fc366b99dace4a3d1f036aafcfe908092c5f2572ad4a96be24da199c",
                "sha256:ae48129396bd5acfaef1cdaaa959ac8ab5d02c026b1fdffb421dc6fa81d7861d",
                "sha256:be4e0263ef515ae14f06e9fb372843f00bdb218ec4f2f04beb3480ac1538a9a9",
                "sha256:bf9e5dd5e0e7e64541508f657c63bf6ab869109cb39f017f935acfeb64ea9be8",
                "sha256:cd777c102ba31bc9992093c2e9f778c21b3965566d1fa5ac9f9b7cea2e67fe2a",
                "sha256:d09adff1c70351a8750941dd39fda25447eab2e3cdb5b2aade340f69f6f53e84",
                "sha256:e77e5f640f1093bf417b841d9b4148bd4212bb0dbb2cbb9024aa07f2b3b260eb",
                "sha256:f6a1a465dd72aff0462486588a2bf905f9169e575deec1e6f6d00240fe1b4e00"
            ],
            "index": "pypi",
            "version": "==1.6.2"
        },
        "pymongo": {
            "hashes": [
                "sha256:028175dd8d2979a889153a2308e8e500b3df7d9e3fd1c33ca7fdeadf61cc87a2",
                "sha256:02f0e1a75d3bc0e16c7e15daf9c56185642be055e425f3b34888fc6eb1b22401",
                "sha256:0665412dce26b2318092a33bd2d2327d487c4490cfcde158d6946d39b1e28d78",
                "sha256:09b9d0f5a445c7e0ddcc021b09835aa6556f0166afc498f57dfdd72cdf6f02ad",
                "sha256:09de3bfc995ae8cb955abb0c9ae963c134dba1b5622be3bcc527b89b0fd4091c",
                "sha256:0e5536994cf2d8488c6fd9dea71df3c4dbb3e0d2ba5e695da06d9142a29a0969",
                "sha256:0f2c5a5984599a88d087a15859860579b825098b473d8c843f1979a83d159f2e",
                "sha256:1037097708498bdc85f23c8798a5c46c7bce432d77d23608ff14e0d831f1a971",
                "sha256:10f0fddc1d63ba3d4a4bffcc7720184c1b7efd570726ad5e2f55818da320239f",
                "sha256:12721d926d43d33dd3318e58dce9b0250e8a9c6e1093fa8e09f4805193ff4b43",
                "sha256:1410faa51ce835cc1234c99ec42e98ab4f3c6f50d92d86a2d4f6e11c97ee7a4e",
                "sha256:16e74b9c2aca2734c7f49f00fe68d6830a30d26df60e2ace7fe40ccb92087b94",
                "sha256:172db03182a22e9002157b262c1ea3b0045c73d4ff465adc152ce5b4b0e7b8d4",
                "sha256:174fd1000e896d0dfbc7f6d7e6a1992a4868796c7dec31679e38218c78d6a942",
                "sha256:1c2c5e2b00e2fadcd590c0b2e293d71215e98ed1cb635cfca2be4998d197e534",
                "sha256:1c9d23f62a3fa7523d849c4942acc0d9ff7081ebc00c808ee7cfdc070df0687f",
                "sha256:21e61a536ffed84d10376c21c13a6ed1ebefb61989a844952547c229d6aeedf3",
                "sha256:222591b828de10ac90064047b5d4916953f38c38b155009c4b8b5e0d33117c2b",
                "sha256:2406df90b2335371706c59b7d79e9633b81ed2a7ecd48c1faf8584552bdf2d90",
                "sha256:24e954be35ad4537840f20bbc8d75320ae647d3cb4fab12cb8fcd2d55f408e76",
                "sha256:26f9cc42a162faa241c82e117ac85734ae9f14343dc2df1c90c6b2181f791b22",
                "sha256:28565e3dbd69fe5fe35a210067064dbb6ed5abe997079f653c19c873c3896fe6",
                "sha256:2943d739715f265a2983ac43747595b6af3312d0a370614040959fd293763adf",
                "sha256:2bfc39276c0e6d07c95bd1088b5003f049e986e089509f7dbd68bb7a4b1e65ac",
                "sha256:2dae3b353a10c3767e0aa1c1492f2af388f1012b08117695ab3fd1f219e5814e",
                "sha256:2e0854170813238f0c3131050c67cb1fb1ade75c93bf6cd156c1bd9a16095528",
                "sha256:30245a8747dc90019a3c9ad9df987e0280a3ea632ad36227cde7d1d8dcba0830",
                "sha256:30ed2788a6ec68743e2040ab1d16573d7d9f6e7333e45070ce9268cbc93d148c",
                "sha256:32eac95bbb030b2376ffd897376c6f870222a3457f01a9ce466b9057876132f8",
                "sha256:34cd48df7e1fc69222f296d8f69e3957eb7c6b5aa0709d3467184880ed7538c0",
                "sha256:34dbf5fecf653c152edb75a35a8b15dfdc4549473484ee768aeb12c97983cead",
                "sha256:398fb86d374dc351a4abc2e24cd15e5e14b2127f6d90ce0df3fdf2adcc55ac1b",
                "sha256:3ad3a3df830f7df7e0856c2bdb54d19f5bf188bd7420985e18643b8e4d2a075f",
                "sha256:3b261d593f2563299062733ae003a925420a86ff4ddda68a69097d67204e43f3",
                "sha256:3c5cb6c93c94df76a879bad4b89db0104b01806d17c2b803c1316ba50962b6d6",
                "sha256:3cfc9bc1e8b5667bc1f3dbe46d2f85b3f24ff7533893bdc1203058012db2c046",
                "sha256:4092b660ec720d44d3ca81074280dc25c7a3718df1b6c0fe9fe36ac6ed2833e4",
                "sha256:42ba8606492d76e6f9e4c7a458ed4bc712603be393259a52450345f0945da2cf",
                "sha256:4a32f3dfcca4a4816373bdb6256c18c78974ebb3430e7da988516cd95b2bd6e4",
                "sha256:4a82a1c10f5608e6494913faa169e213d703194bfca0aa710901f303be212414",
                "sha256:4bbc0d27dfef7689285e54f2e0a224f0c7cd9d5c46d2638fabad5500b951c92f",
                "sha256:4d9ed67c987bf9ac2ac684590ba3d2599cdfb0f331ee3db607f9684469b3b59d",
                "sha256:4f6dd55dab77adf60b445c11f426ee5cdfa1b86f6d54cb937bfcbf09572333ab",
                "sha256:50a81b2d9f188c7909e0a1084fa969bb92a788076809c437ac1ae80393f46df9",
                "sha256:50b99f4d3eee6f03778fe841d6f470e6c18e744dc665156da6da3bc6e65b398d",
                "sha256:5136ebe8da6a1604998a8eb96be55935aa5f7129c41cc7bddc400d48e8df43be",
                "sha256:570ae3365b23d4fd8c669cb57613b1a90b2757e993588d3370ef90945dbeec4b",
                "sha256:5831a377d15a626fbec10890ffebc4c6abcd37e4126737932cd780a171eabdc1",
                "sha256:59c98e86c5e861032b71e6e5b65f23e6afaacea6e82483b66f1191a5021a7b4f",
                "sha256:5bdeb71a610a7b801416268e500e716d0fe693fb10d809e17f0fb3dac5be5a34",
                "sha256:5c1db7d366004d6c699eb08c716a63ae0a3e946d061cbebea65d7ce361950265",
                "sha256:61660710b054ae52c8fc10368e91d74719eb05554b631d7f8ca93d21d2bff2e6",
                "sha256:644470442beaf969df99c4e00367a817eee05f0bba5d888f1ba6fe97b5e1c102",
                "sha256:64ed1a5ce5e5926727eb0f87c698c4d9a7a9f7b0953683a65e9ce2b7cc5f8e91",
                "sha256:65a063970e15a4f338f14b820561cf6cdaf2839691ac0adb2474ddff9d0b8b0b",
                "sha256:65b6fddf6a7b91da044f202771a38e71bbb9bf42720a406b26b25fe2256e7102",
                "sha256:6af0a4b17faf26779d5caee8542a4f2cba040cea27d3bffc476cbc6ccbd4c8ee",
                "sha256:70b67390e27e58876853efbb87e43c85252de2515e2887f7dd901b4fa3d21973",
                "sha256:7219b1a726ced3bacecabef9bd114529bbb69477901373e800d7d0140baadc95",
                "sha256:7593cb1214185a0c5b43b96effc51ce82ddc933298ee36db7dc2bd45d61b4adc",
                "sha256:776f90bf2252f90a4ae838e7917638894c6356bef7265f424592e2fd1f577d05",
                "sha256:79f777eaf3f5b2c6d81f9ef00d87837001d7063302503bbcbfdbf3e9bc27c96f",
                "sha256:7c7cab8155f430ca460a6fc7ae8a705b34f3e279a57adb5f900eb81943ec777c",
                "sha256:7cb987b199fa223ad78eebaa9fbc183d5a5944bfe568a9d6f617316ca1c1f32f",
                "sha256:7ec2bb598847569ae34292f580842d37619eea3e546005042f485e15710180d5",
                "sha256:80d8576b04d0824f63bf803190359c0d3bcb6e7fa63fefbd4bc0ceaa7faae38c",
                "sha256:851f2bb52b5cb2f4711171ca925e0e05344a8452972a748a8a8ffdda1e1d72a7",
                "sha256:8927f22ef6a16229da7f18944deac8605bdc2c0858be5184259f2f7ce7fd4459",
                "sha256:8ad0515abb132f52ce9d8abd1a29681a1e65dba7b7fe13ea01e1a8db5715bf80",
                "sha256:8cc37b437cba909bef06499dadd91a39c15c14225e8d8c7870020049f8a549fe",
                "sha256:93d4e9a02c17813b34e4bd9f6fbf07310c140c8f74341537c24d07c1cdeb24d1",
                "sha256:944249aa83dee314420c37d0f40c30a8f6dc4a3877566017b87062e53af449f4",
                "sha256:9b2ed9c3b30f11cd4a3fbfc22167af7987b01b444215c2463265153fe7cf66d6",
                "sha256:9c3d07ea19cd2856d9943dce37e75d69ecbb5baf93c3e4c82f73b6075c481292",
                "sha256:9f592b202d77923498b32ddc5b376e5fa9ba280d3e16ed56cb8c932fe6d6a478",
                "sha256:a149377d1ff766fd618500798d0d94637f66d0ae222bb6d28f41f3e15c626297",
                "sha256:a17b81f22398e3e0f72bdf938e98c810286994b2bcc0a125cd5ad8fd4ea54ad7",
                "sha256:a424bdedfd84454d2905a861e0d4bb947cc5bd024fdeb3600c1a97d2be0f4255",
                "sha256:a6cbb73d9fc2282677e2b7a137d13da987bd0b13abd88ed27bba5534c226db06",
                "sha256:a796ef39dadf9d73af05d24937644d386495e43a7d13617aa3651d836da542c8",
                "sha256:aa3bca8e76f5c00ed2bb4325e0e383a547d71595926d5275d7c88175aaf7435e",
                "sha256:b01ce58eec5edeededf1992d2dce63fb8565e437be12d6f139d75b15614c4d08",
                "sha256:b0746d0d4535f56bbaa63a8f6da362f330804d578e66e126b226eebe76c2bf00",
                "sha256:b1223b826acbef07a7f5eb9bf37247b0b580119916dca9eae19d92b1290f5855",
                "sha256:b5b733694e7df22d5c049581acfc487695a6ff813322318bed8dd66f79978636",
                "sha256:b6793baf4639c72a500698a49e9250b293e17ae1faf11ac1699d8141194786fe",
                "sha256:b96e0e9d2d48948240b510bac81614458fc10adcd3a93240c2fd96448b4efd35",
                "sha256:bc04c92d05c142889c26810a4842273deb42e66411273cab4ad09268fe69ba69",
                "sha256:bdd34c57b4da51a7961beb33645646d197e41f8517801dc76b37c1441e7a4e10",
                "sha256:c0379447587ee4b8f983ba183202496e86c0358f47c45612619d634d1fcd82bd",
                "sha256:c3b70ed82f20d18d22eafc9bda0ea656605071762f7d31f3c5afc35c59d3393b",
                "sha256:c7c45a8a1a752002b0a7c81ab3a4c5e3b6f67f9826b16fbe3943f5329f565f24",
                "sha256:c8f755ff1f4ab4ca790d1d6d3229006100b301475948021b6b2757822e0d6c97",
                "sha256:d1a19d6c5098f1f4e11430cd74621699453cbc534dd7ade9167e582f50814b19",
                "sha256:d1ee773fb72ba024e7e3bb6ea8907fe52bccafcb5184aaced6bad995bd30ea20",
                "sha256:d42eb29ba314adfd9c11234b4b646f61b0448bf9b00f14db4b317e6e4b947e77",
                "sha256:d593d50815771f517d3ac4367ff716e3f3c78edae51d98e1e25791459f8848ff",
                "sha256:d7910135f5de1c5c3578e61d6f4b087715b15e365f11d4fa51a9cee92988b2bd",
                "sha256:d7c91747ec8dde51440dd594603158cc98abb3f7df84b2ed8a836f138285e4fb",
                "sha256:db2e11507fe9cc2a722be21ccc62c1b1295398fe9724c1f14900cdc7166fc0d7",
                "sha256:db5b4f8ad8607a3d612da1d4c89a84e4cf5c88f98b46365820d9babe5884ba45",
                "sha256:e1956f3338c10308e2f99c2c9ff46ae412035cbcd7aaa76c39ccdb806854a247",
                "sha256:e22d6cf5802cd09b674c307cc9e03870b8c37c503ebec3d25b86f2ce8c535dc7",
                "sha256:e5161167b3840e9c84c80f2534ea6a099f51749d5673b662a3dd248be17c3208",
                "sha256:e5e87c0eb774561c546f979342a8ff36ebee153c60a0b6c6b03ba989ceb9538c",
                "sha256:e6f8191a282ef77e526f8f8f63753a437e4aa4bc78f5edd8b6b6ed0eaebd5363",
                "sha256:e8f6979664ff477cd61b06bf8aba206df7b2334209815ab3b1019931dab643d6",
                "sha256:ea8824ebc9a1a5c8269e8f1e3989b5a6bec876726e2f3c33ebd036cb488277f0",
                "sha256:f4175fcdddf764d371ee52ec4505a40facee2533e84abf2953cda86d050cfa1f",
                "sha256:fe8194f107f0fa3cabd14e9e809f174eca335993c1db72d1e74e0f496e7afe1f"
            ],
            "version": "==3.13.0"
        },
        "starlette": {
            "hashes": [
                "sha256:bd2ffe5e37fb75d014728511f8e68ebf2c80b0fa3d04ca1479f4dc752ae31ac9",
                "sha256:ebe8ee08d9be96a3c9f31b2cb2a24dbdf845247b745664bd8a3f9bd0c977fdbc"
            ],
            "markers": "python_version >= '3.6'",
            "version": "==0.13.6"
        },
        "uvicorn": {
            "hashes": [
                "sha256:46a83e371f37ea7ff29577d00015f02c942410288fb57def6440f2653fff1d26",
                "sha256:4b70ddb4c1946e39db9f3082d53e323dfd50634b95fd83625d778729ef1730ef"
            ],
            "index": "pypi",
            "version": "==0.11.8"
        },
        "uvloop": {
            "hashes": [
                "sha256:0949caf774b9fcefc7c5756bacbbbd3fc4c05a6b7eebc7c7ad6f825b23998d6d",
                "sha256:0ddf6baf9cf11a1a22c71487f39f15b2cf78eb5bde7e5b45fbb99e8a9d91b9e1",
                "sha256:1436c8673c1563422213ac6907789ecb2b070f5939b9cbff9ef7113f2b531595",
                "sha256:23609ca361a7fc587031429fa25ad2ed7242941adec948f9d10c045bfecab06b",
                "sha256:2a6149e1defac0faf505406259561bc14b034cdf1d4711a3ddcdfbaa8d825a05",
                "sha256:2deae0b0fb00a6af41fe60a675cec079615b01d68beb4cc7b722424406b126a8",
                "sha256:307958f9fc5c8bb01fad752d1345168c0abc5d62c1b72a4a8c6c06f042b45b20",
                "sha256:30babd84706115626ea78ea5dbc7dd8d0d01a2e9f9b306d24ca4ed5796c66ded",
                "sha256:3378eb62c63bf336ae2070599e49089005771cc651c8769aaad72d1bd9385a7c",
                "sha256:3d97672dc709fa4447ab83276f344a165075fd9f366a97b712bdd3fee05efae8",
                "sha256:3db8de10ed684995a7f34a001f15b374c230f7655ae840964d51496e2f8a8474",
                "sha256:3ebeeec6a6641d0adb2ea71dcfb76017602ee2bfd8213e3fcc18d8f699c5104f",
                "sha256:45cea33b208971e87a31c17622e4b440cac231766ec11e5d22c76fab3bf9df62",
                "sha256:6708f30db9117f115eadc4f125c2a10c1a50d711461699a0cbfaa45b9a78e376",
                "sha256:68532f4349fd3900b839f588972b3392ee56042e440dd5873dfbbcd2cc67617c",
                "sha256:6aafa5a78b9e62493539456f8b646f85abc7093dd997f4976bb105537cf2635e",
                "sha256:7d37dccc7ae63e61f7b96ee2e19c40f153ba6ce730d8ba4d3b4e9738c1dccc1b",
                "sha256:864e1197139d651a76c81757db5eb199db8866e13acb0dfe96e6fc5d1cf45fc4",
                "sha256:8887d675a64cfc59f4ecd34382e5b4f0ef4ae1da37ed665adba0c2badf0d6578",
                "sha256:8efcadc5a0003d3a6e887ccc1fb44dec25594f117a94e3127954c05cf144d811",
                "sha256:9b09e0f0ac29eee0451d71798878eae5a4e6a91aa275e114037b27f7db72702d",
                "sha256:a4aee22ece20958888eedbad20e4dbb03c37533e010fb824161b4f05e641f738",
                "sha256:a5abddb3558d3f0a78949c750644a67be31e47936042d4f6c888dd6f3c95f4aa",
                "sha256:c092a2c1e736086d59ac8e41f9c98f26bbf9b9222a76f21af9dfe949b99b2eb9",
                "sha256:c686a47d57ca910a2572fddfe9912819880b8765e2f01dc0dd12a9bf8573e539",
                "sha256:cbbe908fda687e39afd6ea2a2f14c2c3e43f2ca88e3a11964b297822358d0e6c",
                "sha256:ce9f61938d7155f79d3cb2ffa663147d4a76d16e08f65e2c66b77bd41b356718",
                "sha256:dbbaf9da2ee98ee2531e0c780455f2841e4675ff580ecf93fe5c48fe733b5667",
                "sha256:f1e507c9ee39c61bfddd79714e4f85900656db1aec4d40c6de55648e85c2799c",
                "sha256:ff3d00b70ce95adce264462c930fbaecb29718ba6563db354608f37e49e09024"
            ],
            "markers": "sys_platform != 'win32' and sys_platform != 'cygwin' and platform_python_implementation != 'PyPy'",
            "version": "==0.17.0"
        },
        "websockets": {
            "hashes": [
                "sha256:0e4fb4de42701340bd2353bb2eee45314651caa6ccee80dbd5f5d5978888fed5",
                "sha256:1d3f1bf059d04a4e0eb4985a887d49195e15ebabc42364f4eb564b1d065793f5",
                "sha256:20891f0dddade307ffddf593c733a3fdb6b83e6f9eef85908113e628fa5a8308",
                "sha256:295359a2cc78736737dd88c343cd0747546b2174b5e1adc223824bcaf3e164cb",
                "sha256:2db62a9142e88535038a6bcfea70ef9447696ea77891aebb730a333a51ed559a",
                "sha256:3762791ab8b38948f0c4d281c8b2ddfa99b7e510e46bd8dfa942a5fff621068c",
                "sha256:3db87421956f1b0779a7564915875ba774295cc86e81bc671631379371af1170",
                "sha256:3ef56fcc7b1ff90de46ccd5a687bbd13a3180132268c4254fc0fa44ecf4fc422",
                "sha256:4f9f7d28ce1d8f1295717c2c25b732c2bc0645db3215cf757551c392177d7cb8",
                "sha256:5c01fd846263a75bc8a2b9542606927cfad57e7282965d96b93c387622487485",
                "sha256:5c65d2da8c6bce0fca2528f69f44b2f977e06954c8512a952222cea50dad430f",
                "sha256:751a556205d8245ff94aeef23546a1113b1dd4f6e4d102ded66c39b99c2ce6c8",
                "sha256:7ff46d441db78241f4c6c27b3868c9ae71473fe03341340d2dfdbe8d79310acc",
                "sha256:965889d9f0e2a75edd81a07592d0ced54daa5b0785f57dc429c378edbcffe779",
                "sha256:9b248ba3dd8a03b1a10b19efe7d4f7fa41d158fdaa95e2cf65af5a7b95a4f989",
                "sha256:9bef37ee224e104a413f0780e29adb3e514a5b698aabe0d969a6ba426b8435d1",
                "sha256:c1ec8db4fac31850286b7cd3b9c0e1b944204668b8eb721674916d4e28744092",
                "sha256:c8a116feafdb1f84607cb3b14aa1418424ae71fee131642fc568d21423b51824",
                "sha256:ce85b06a10fc65e6143518b96d3dca27b081a740bae261c2fb20375801a9d56d",
                "sha256:d705f8aeecdf3262379644e4b55107a3b55860eb812b673b28d0fbc347a60c55",
                "sha256:e898a0863421650f0bebac8ba40840fc02258ef4714cb7e1fd76b6a6354bda36",
                "sha256:f8a7bff6e8664afc4e6c28b983845c5bc14965030e3fb98789734d416af77c4b"
            ],
            "markers": "python_full_version >= '3.6.1'",
            "version": "==8.1"
        }
    },
    "develop": {
        "appdirs": {
            "hashes": [
                "sha256:7d5d0167b2b1ba821647616af46a749d1c653740dd0d2415100fe26e27afdf41",
                "sha256:a841dacd6b99318a741b166adb07e19ee71a274450e68237b4650ca1055ab128"
            ],
            "version": "==1.4.4"
        },
        "black": {
            "hashes": [
                "sha256:1c02557aa099101b9d21496f8a914e9ed2222ef70336404eeeac8edba836fbea"
            ],
            "index": "pypi",
            "version": "==20.8b1"
        },
        "click": {
            "hashes": [
                "sha256:d2b5255c7c6349bc1bd1e59e08cd12acbbd63ce649f2588755783aa94dfb6b1a",
                "sha256:dacca89f4bfadd5de3d7489b7c8a566eee0d3676333fbb50030263894c38c0dc"
            ],
            "markers": "python_version >= '2.7' and python_version not in '3.0, 3.1, 3.2, 3.3, 3.4'",
            "version": "==7.1.2"
        },
        "debugpy": {
            "hashes": [
                "sha256:03212bef95cfe9916953c811745fe6ae41ba8622d554a24bece179e17eafda32",
                "sha256:0578ee29235baf974468dc03354da87814b658c4771f060ade05aa1d2a4618d1",
                "sha256:07d9e96e0ae23e5ae487a584dfecb46a35de3bf12cb2f03f09a871cb1457808d",
                "sha256:08b9c5bcab65bcb293df841fd3fcb56c1c76eb816e32ab2552440ad691da573e",
                "sha256:10d3102ba51e35d2bd69350191d513b79e64c13e9dc55c1bd2340bf31cc4cf1c",
                "sha256:112ff94e02551ef929812aee3cd2e89a753d70e11da22c70e97aa1d13f583418",
                "sha256:16736274ceb4a68ddbf07d03e717e6aeb0b4c6bf753aaf60bd3deab409ea64a0",
                "sha256:1793d7f7b98cf816a0dca6f472afce3932c222747e23f24529ba3faccbb084f0",
                "sha256:26bd29a44ee0203ae6000427e8dd5e01c46469751542fdcfedff0ca5d0be7dca",
                "sha256:2b01b7f9c371e52c12b6fcab2ebb87e57d980c0449664d733edd96acd9fac5d9",
                "sha256:3465fa493c2c6ada09304d507b1df82a8f08cbb2d05af2f35e302346c9e5dd08",
                "sha256:463925af98a1b0e463c304640fa4b8843196e75a77170a105351274554fed2be",
                "sha256:4ca61ebfd4aef2505cceb8970de060f3c4f1c5b9b3ef8ed9d5e37abbb3e9ee36",
                "sha256:52aa7bda10af85ae79f840d9b7c52f2bcd01e7bba7cd7dd5909e17d6a9083f21",
                "sha256:658c8ad2f5e85df3f392cefcf374f1e87c9020916608c9352516f1dc348ecc7d",
                "sha256:724d8c6b94a3cabfc888dbbc3562bd64a623443c5ba718586a0a46c9759655e9",
                "sha256:7ff5971bd61e6ab1aba25f1d092339b73a81d29b7f9cd4009f96de0ceb9c9494",
                "sha256:81b426d28ffa94e7eff2c084e4a5e4db06795e83d75b303db6cd7e4048a53883",
                "sha256:8720c5096efe9a9b2e69c66a492bcfbbbd2bcb0b7485e23f924e57d988e5b20e",
                "sha256:8d7fb02394817b82c2f2877227ffc8aac5522cdae2e8549a90d05825daacc9f0",
                "sha256:8f1543134941e4372f378cced8411f71132badc5171f566f6f42f03ec5a64239",
                "sha256:97b2a58544fbf25e0ffd77d0c9b6a3fbf4872597740330a28b316e4e48164476",
                "sha256:97da112e7d4e2ba05f276bbcd99eb67628e908ea2711b5560872981379b421e3",
                "sha256:a2479bfcb2d9e394e5b66bd01be76dc01c6ddb1d4f7fbc8cbd754d4c71ca8abd",
                "sha256:a2be34304bb9c1194a91c599c9a4591b9c867f1279023115003a0e96216a712d",
                "sha256:b96df3eb65bb113ccf22a9e1e3ea50da00d45b72c3ba269460bedff785d8282d",
                "sha256:bd59c7b7b39e1fa0a0fb43bd79cf3cefe8fbd8fa4865bb418211c2eba13155d3",
                "sha256:c7297b7bab410c5afdcbb2a17db67a6e22d5de6f9b80a07044bcad61813762b7",
                "sha256:cc821d02d6dd259fe7e41218862500b0da378fddfbf64c1725944f797e0adecd",
                "sha256:d0bf5703fdb8beaa453adbb47eb0d1986b9dbc92d291d7822e92111a836789dd",
                "sha256:de7c7ae86c4140c3aa907cf3267da33b1c7b38ce24875c4733eb7e51e208d19f",
                "sha256:e0f2a71245541659f21f262aa811fb5874f897a6533905f8c54b2718890d0156",
                "sha256:e1a4bd0ddac878f62d3d555023ed278e75b7fa623b26bc5363aa05b430776a3e",
                "sha256:e68d1d2d7349eec1da00ba1681cdeff17b24b736119602d75ce1eb4038427812",
                "sha256:ed9e2f25115195ae01edec1141312e753cf2e3b44096070e5412e7603addfb21",
                "sha256:ee0a8c3190de72c887a8e4d1d6e5ae3b4e2c008aee3542aa14d4843d108121f5"
            ],
            "index": "pypi",
            "version": "==1.0.0rc2"
        },
        "isort": {
            "hashes": [
                "sha256:6187a9f1ce8784cbc6d1b88790a43e6083a6302f03e9ae482acc0f232a98c843",
                "sha256:c16eaa7432a1c004c585d79b12ad080c6c421dd18fe27982ca11f95e6898e432"
            ],
            "index": "pypi",
            "version": "==5.5.3"
        },
        "mypy": {
            "hashes": [
                "sha256:2c6cde8aa3426c1682d35190b59b71f661237d74b053822ea3d748e2c9578a7c",
                "sha256:3fdda71c067d3ddfb21da4b80e2686b71e9e5c72cca65fa216d207a358827f86",
                "sha256:5dd13ff1f2a97f94540fd37a49e5d255950ebcdf446fb597463a40d0df3fac8b",
                "sha256:6731603dfe0ce4352c555c6284c6db0dc935b685e9ce2e4cf220abe1e14386fd",
                "sha256:6bb93479caa6619d21d6e7160c552c1193f6952f0668cdda2f851156e85186fc",
                "sha256:81c7908b94239c4010e16642c9102bfc958ab14e36048fa77d0be3289dda76ea",
                "sha256:9c7a9a7ceb2871ba4bac1cf7217a7dd9ccd44c27c2950edbc6dc08530f32ad4e",
                "sha256:a4a2cbcfc4cbf45cd126f531dedda8485671545b43107ded25ce952aac6fb308",
                "sha256:b7fbfabdbcc78c4f6fc4712544b9b0d6bf171069c6e0e3cb82440dd10ced3406",
                "sha256:c05b9e4fb1d8a41d41dec8786c94f3b95d3c5f528298d769eb8e73d293abc48d",
                "sha256:d7df6eddb6054d21ca4d3c6249cae5578cb4602951fd2b6ee2f5510ffb098707",
                "sha256:e0b61738ab504e656d1fe4ff0c0601387a5489ca122d55390ade31f9ca0e252d",
                "sha256:eff7d4a85e9eea55afa34888dfeaccde99e7520b51f867ac28a48492c0b1130c",
                "sha256:f05644db6779387ccdb468cc47a44b4356fc2ffa9287135d05b70a98dc83b89a"
            ],
            "index": "pypi",
            "version": "==0.782"
        },
        "mypy-extensions": {
            "hashes": [
                "sha256:c8b707883a96efe9b4bb3aaf0dcc07e7e217d7d8368eec4db4049ee9e142f4fd"
            ],
            "markers": "python_version >= '2.7'",
            "version": "==0.4.4"
        },
        "pathspec": {
            "hashes": [
                "sha256:2798de800fa92780e33acca925945e9a19a133b715067cf165b8866c15a31687",
                "sha256:d8af70af76652554bd134c22b3e8a1cc46ed7d91edcdd721ef1a0c51a84a5293"
            ],
            "markers": "python_version >= '3.7'",
            "version": "==0.11.1"
        },
        "regex": {
            "hashes": [
                "sha256:0385e73da22363778ef2324950e08b689abdf0b108a7d8decb403ad7f5191938",
                "sha256:051da80e6eeb6e239e394ae60704d2b566aa6a7aed6f2890a7967307267a5dc6",
                "sha256:05ed27acdf4465c95826962528f9e8d41dbf9b1aa8531a387dee6ed215a3e9ef",
                "sha256:0654bca0cdf28a5956c83839162692725159f4cda8d63e0911a2c0dc76166525",
                "sha256:09e4a1a6acc39294a36b7338819b10baceb227f7f7dbbea0506d419b5a1dd8af",
                "sha256:0b49c764f88a79160fa64f9a7b425620e87c9f46095ef9c9920542ab2495c8bc",
                "sha256:0b71e63226e393b534105fcbdd8740410dc6b0854c2bfa39bbda6b0d40e59a54",
                "sha256:0c29ca1bd61b16b67be247be87390ef1d1ef702800f91fbd1991f5c4421ebae8",
                "sha256:10590510780b7541969287512d1b43f19f965c2ece6c9b1c00fc367b29d8dce7",
                "sha256:10cb847aeb1728412c666ab2e2000ba6f174f25b2bdc7292e7dd71b16db07568",
                "sha256:12b74fbbf6cbbf9dbce20eb9b5879469e97aeeaa874145517563cca4029db65c",
                "sha256:20326216cc2afe69b6e98528160b225d72f85ab080cbdf0b11528cbbaba2248f",
                "sha256:2239d95d8e243658b8dbb36b12bd10c33ad6e6933a54d36ff053713f129aa536",
                "sha256:25be746a8ec7bc7b082783216de8e9473803706723b3f6bef34b3d0ed03d57e2",
                "sha256:271f0bdba3c70b58e6f500b205d10a36fb4b58bd06ac61381b68de66442efddb",
                "sha256:29cdd471ebf9e0f2fb3cac165efedc3c58db841d83a518b082077e612d3ee5df",
                "sha256:2d44dc13229905ae96dd2ae2dd7cebf824ee92bc52e8cf03dcead37d926da019",
                "sha256:3676f1dd082be28b1266c93f618ee07741b704ab7b68501a173ce7d8d0d0ca18",
                "sha256:36efeba71c6539d23c4643be88295ce8c82c88bbd7c65e8a24081d2ca123da3f",
                "sha256:3e5219bf9e75993d73ab3d25985c857c77e614525fac9ae02b1bebd92f7cecac",
                "sha256:43e1dd9d12df9004246bacb79a0e5886b3b6071b32e41f83b0acbf293f820ee8",
                "sha256:457b6cce21bee41ac292d6753d5e94dcbc5c9e3e3a834da285b0bde7aa4a11e9",
                "sha256:463b6a3ceb5ca952e66550a4532cef94c9a0c80dc156c4cc343041951aec1697",
                "sha256:4959e8bcbfda5146477d21c3a8ad81b185cd252f3d0d6e4724a5ef11c012fb06",
                "sha256:4d3850beab9f527f06ccc94b446c864059c57651b3f911fddb8d9d3ec1d1b25d",
                "sha256:5708089ed5b40a7b2dc561e0c8baa9535b77771b64a8330b684823cfd5116036",
                "sha256:5c6b48d0fa50d8f4df3daf451be7f9689c2bde1a52b1225c5926e3f54b6a9ed1",
                "sha256:61474f0b41fe1a80e8dfa70f70ea1e047387b7cd01c85ec88fa44f5d7561d787",
                "sha256:6343c6928282c1f6a9db41f5fd551662310e8774c0e5ebccb767002fcf663ca9",
                "sha256:65ba8603753cec91c71de423a943ba506363b0e5c3fdb913ef8f9caa14b2c7e0",
                "sha256:687ea9d78a4b1cf82f8479cab23678aff723108df3edeac098e5b2498879f4a7",
                "sha256:6b2675068c8b56f6bfd5a2bda55b8accbb96c02fd563704732fd1c95e2083461",
                "sha256:7117d10690c38a622e54c432dfbbd3cbd92f09401d622902c32f6d377e2300ee",
                "sha256:7178bbc1b2ec40eaca599d13c092079bf529679bf0371c602edaa555e10b41c3",
                "sha256:72d1a25bf36d2050ceb35b517afe13864865268dfb45910e2e17a84be6cbfeb0",
                "sha256:742e19a90d9bb2f4a6cf2862b8b06dea5e09b96c9f2df1779e53432d7275331f",
                "sha256:74390d18c75054947e4194019077e243c06fbb62e541d8817a0fa822ea310c14",
                "sha256:74419d2b50ecb98360cfaa2974da8689cb3b45b9deff0dcf489c0d333bcc1477",
                "sha256:824bf3ac11001849aec3fa1d69abcb67aac3e150a933963fb12bda5151fe1bfd",
                "sha256:83320a09188e0e6c39088355d423aa9d056ad57a0b6c6381b300ec1a04ec3d16",
                "sha256:837328d14cde912af625d5f303ec29f7e28cdab588674897baafaf505341f2fc",
                "sha256:841d6e0e5663d4c7b4c8099c9997be748677d46cbf43f9f471150e560791f7ff",
                "sha256:87b2a5bb5e78ee0ad1de71c664d6eb536dc3947a46a69182a90f4410f5e3f7dd",
                "sha256:890e5a11c97cf0d0c550eb661b937a1e45431ffa79803b942a057c4fb12a2da2",
                "sha256:8abbc5d54ea0ee80e37fef009e3cec5dafd722ed3c829126253d3e22f3846f1e",
                "sha256:8e3f1316c2293e5469f8f09dc2d76efb6c3982d3da91ba95061a7e69489a14ef",
                "sha256:8f56fcb7ff7bf7404becdfc60b1e81a6d0561807051fd2f1860b0d0348156a07",
                "sha256:9427a399501818a7564f8c90eced1e9e20709ece36be701f394ada99890ea4b3",
                "sha256:976d7a304b59ede34ca2921305b57356694f9e6879db323fd90a80f865d355a3",
                "sha256:9a5bfb3004f2144a084a16ce19ca56b8ac46e6fd0651f54269fc9e230edb5e4a",
                "sha256:9beb322958aaca059f34975b0df135181f2e5d7a13b84d3e0e45434749cb20f7",
                "sha256:9edcbad1f8a407e450fbac88d89e04e0b99a08473f666a3f3de0fd292badb6aa",
                "sha256:9edce5281f965cf135e19840f4d93d55b3835122aa76ccacfd389e880ba4cf82",
                "sha256:a4c3b7fa4cdaa69268748665a1a6ff70c014d39bb69c50fda64b396c9116cf77",
                "sha256:a8105e9af3b029f243ab11ad47c19b566482c150c754e4c717900a798806b222",
                "sha256:a99b50300df5add73d307cf66abea093304a07eb017bce94f01e795090dea87c",
                "sha256:aad51907d74fc183033ad796dd4c2e080d1adcc4fd3c0fd4fd499f30c03011cd",
                "sha256:af4dd387354dc83a3bff67127a124c21116feb0d2ef536805c454721c5d7993d",
                "sha256:b28f5024a3a041009eb4c333863d7894d191215b39576535c6734cd88b0fcb68",
                "sha256:b4598b1897837067a57b08147a68ac026c1e73b31ef6e36deeeb1fa60b2933c9",
                "sha256:b6192d5af2ccd2a38877bfef086d35e6659566a335b1492786ff254c168b1693",
                "sha256:b862c2b9d5ae38a68b92e215b93f98d4c5e9454fa36aae4450f61dd33ff48487",
                "sha256:b956231ebdc45f5b7a2e1f90f66a12be9610ce775fe1b1d50414aac1e9206c06",
                "sha256:bb60b503ec8a6e4e3e03a681072fa3a5adcbfa5479fa2d898ae2b4a8e24c4591",
                "sha256:bbb02fd4462f37060122e5acacec78e49c0fbb303c30dd49c7f493cf21fc5b27",
                "sha256:bdff5eab10e59cf26bc479f565e25ed71a7d041d1ded04ccf9aee1d9f208487a",
                "sha256:c123f662be8ec5ab4ea72ea300359023a5d1df095b7ead76fedcd8babbedf969",
                "sha256:c2b867c17a7a7ae44c43ebbeb1b5ff406b3e8d5b3e14662683e5e66e6cc868d3",
                "sha256:c5f8037000eb21e4823aa485149f2299eb589f8d1fe4b448036d230c3f4e68e0",
                "sha256:c6a57b742133830eec44d9b2290daf5cbe0a2f1d6acee1b3c7b1c7b2f3606df7",
                "sha256:ccf91346b7bd20c790310c4147eee6ed495a54ddb6737162a36ce9dbef3e4751",
                "sha256:cf67ca618b4fd34aee78740bea954d7c69fdda419eb208c2c0c7060bb822d747",
                "sha256:d2da3abc88711bce7557412310dfa50327d5769a31d1c894b58eb256459dc289",
                "sha256:d4f03bb71d482f979bda92e1427f3ec9b220e62a7dd337af0aa6b47bf4498f72",
                "sha256:d54af539295392611e7efbe94e827311eb8b29668e2b3f4cadcfe6f46df9c777",
                "sha256:d77f09bc4b55d4bf7cc5eba785d87001d6757b7c9eec237fe2af57aba1a071d9",
                "sha256:d831c2f8ff278179705ca59f7e8524069c1a989e716a1874d6d1aab6119d91d1",
                "sha256:dbbbfce33cd98f97f6bffb17801b0576e653f4fdb1d399b2ea89638bc8d08ae1",
                "sha256:dcba6dae7de533c876255317c11f3abe4907ba7d9aa15d13e3d9710d4315ec0e",
                "sha256:e0bb18053dfcfed432cc3ac632b5e5e5c5b7e55fb3f8090e867bfd9b054dbcbf",
                "sha256:e2fbd6236aae3b7f9d514312cdb58e6494ee1c76a9948adde6eba33eb1c4264f",
                "sha256:e5087a3c59eef624a4591ef9eaa6e9a8d8a94c779dade95d27c0bc24650261cd",
                "sha256:e8915cc96abeb8983cea1df3c939e3c6e1ac778340c17732eb63bb96247b91d2",
                "sha256:ea353ecb6ab5f7e7d2f4372b1e779796ebd7b37352d290096978fea83c4dba0c",
                "sha256:ee2d1a9a253b1729bb2de27d41f696ae893507c7db224436abe83ee25356f5c1",
                "sha256:f415f802fbcafed5dcc694c13b1292f07fe0befdb94aa8a52905bd115ff41e88",
                "sha256:fb5ec16523dc573a4b277663a2b5a364e2099902d3944c9419a40ebd56a118f9",
                "sha256:fea75c3710d4f31389eed3c02f62d0b66a9da282521075061ce875eb5300cf23"
            ],
            "markers": "python_version >= '3.6'",
            "version": "==2023.6.3"
        },
        "toml": {
            "hashes": [
                "sha256:806143ae5bfb6a3c6e736a764057db0e6a0e05e338b5630894a5f779cabb4f9b",
                "sha256:b3bda1d108d5dd99f4a20d24d9c348e91c4db7ab1b749200bded2f839ccbe68f"
            ],
            "markers": "python_version >= '2.6' and python_version not in '3.0, 3.1, 3.2, 3.3'",
            "version": "==0.10.2"
        },
        "typed-ast": {
            "hashes": [
                "sha256:01ae5f73431d21eead5015997ab41afa53aa1fbe252f9da060be5dad2c730ace",
                "sha256:067a74454df670dcaa4e59349a2e5c81e567d8d65458d480a5b3dfecec08c5ff",
                "sha256:0fb71b8c643187d7492c1f8352f2c15b4c4af3f6338f21681d3681b3dc31a266",
                "sha256:1b3ead4a96c9101bef08f9f7d1217c096f31667617b58de957f690c92378b528",
                "sha256:2068531575a125b87a41802130fa7e29f26c09a2833fea68d9a40cf33902eba6",
                "sha256:209596a4ec71d990d71d5e0d312ac935d86930e6eecff6ccc7007fe54d703808",
                "sha256:2c726c276d09fc5c414693a2de063f521052d9ea7c240ce553316f70656c84d4",
                "sha256:398e44cd480f4d2b7ee8d98385ca104e35c81525dd98c519acff1b79bdaac363",
                "sha256:52b1eb8c83f178ab787f3a4283f68258525f8d70f778a2f6dd54d3b5e5fb4341",
                "sha256:5feca99c17af94057417d744607b82dd0a664fd5e4ca98061480fd8b14b18d04",
                "sha256:7538e495704e2ccda9b234b82423a4038f324f3a10c43bc088a1636180f11a41",
                "sha256:760ad187b1041a154f0e4d0f6aae3e40fdb51d6de16e5c99aedadd9246450e9e",
                "sha256:777a26c84bea6cd934422ac2e3b78863a37017618b6e5c08f92ef69853e765d3",
                "sha256:95431a26309a21874005845c21118c83991c63ea800dd44843e42a916aec5899",
                "sha256:9ad2c92ec681e02baf81fdfa056fe0d818645efa9af1f1cd5fd6f1bd2bdfd805",
                "sha256:9c6d1a54552b5330bc657b7ef0eae25d00ba7ffe85d9ea8ae6540d2197a3788c",
                "sha256:aee0c1256be6c07bd3e1263ff920c325b59849dc95392a05f258bb9b259cf39c",
                "sha256:af3d4a73793725138d6b334d9d247ce7e5f084d96284ed23f22ee626a7b88e39",
                "sha256:b36b4f3920103a25e1d5d024d155c504080959582b928e91cb608a65c3a49e1a",
                "sha256:b9574c6f03f685070d859e75c7f9eeca02d6933273b5e69572e5ff9d5e3931c3",
                "sha256:bff6ad71c81b3bba8fa35f0f1921fb24ff4476235a6e94a26ada2e54370e6da7",
                "sha256:c190f0899e9f9f8b6b7863debfb739abcb21a5c054f911ca3596d12b8a4c4c7f",
                "sha256:c907f561b1e83e93fad565bac5ba9c22d96a54e7ea0267c708bffe863cbe4075",
                "sha256:cae53c389825d3b46fb37538441f75d6aecc4174f615d048321b716df2757fb0",
                "sha256:dd4a21253f42b8d2b48410cb31fe501d32f8b9fbeb1f55063ad102fe9c425e40",
                "sha256:dde816ca9dac1d9c01dd504ea5967821606f02e510438120091b84e852367428",
                "sha256:f2362f3cb0f3172c42938946dbc5b7843c2a28aec307c49100c8b38764eb6927",
                "sha256:f328adcfebed9f11301eaedfa48e15bdece9b519fb27e6a8c01aa52a17ec31b3",
                "sha256:f8afcf15cc511ada719a88e013cec87c11aff7b91f019295eb4530f96fe5ef2f",
                "sha256:fb1bbeac803adea29cedd70781399c99138358c26d05fcbd23c13016b7f5ec65"
            ],
            "version": "==1.4.3"
        },
        "typing-extensions": {
            "hashes": [
                "sha256:440d5dd3af93b060174bf433bccd69b0babc3b15b1a8dca43789fd7f61514b36",
                "sha256:b75ddc264f0ba5615db7ba217daeb99701ad295353c45f9e95963337ceeeffb2"
            ],
            "markers": "python_version >= '3.7'",
            "version": "==4.7.1"
        }
    }
}
